
Microsoft Visual Studio Solution File, Format Version 12.00
# Visual Studio 2013
VisualStudioVersion = 12.0.30723.0
MinimumVisualStudioVersion = 10.0.40219.1
Project("{FAE04EC0-301F-11D3-BF4B-00C04F79EFBC}") = "AppChooserCore", "AppChooserCore\AppChooserCore.csproj", "{6B124C1E-57C6-43FF-892D-2084A0CE7CE3}"
EndProject
Project("{FAE04EC0-301F-11D3-BF4B-00C04F79EFBC}") = "AppChooser", "AppChooser\AppChooser.csproj", "{F093C224-837D-41FD-8C54-52DEC31FB6CF}"
EndProject
Global
	GlobalSection(SolutionConfigurationPlatforms) = preSolution
		Debug|Any CPU = Debug|Any CPU
		Release|Any CPU = Release|Any CPU
	EndGlobalSection
	GlobalSection(ProjectConfigurationPlatforms) = postSolution
		{6B124C1E-57C6-43FF-892D-2084A0CE7CE3}.Debug|Any CPU.ActiveCfg = Debug|Any CPU
		{6B124C1E-57C6-43FF-892D-2084A0CE7CE3}.Debug|Any CPU.Build.0 = Debug|Any CPU
		{6B124C1E-57C6-43FF-892D-2084A0CE7CE3}.Release|Any CPU.ActiveCfg = Release|Any CPU
		{6B124C1E-57C6-43FF-892D-2084A0CE7CE3}.Release|Any CPU.Build.0 = Release|Any CPU
		{F093C224-837D-41FD-8C54-52DEC31FB6CF}.Debug|Any CPU.ActiveCfg = Debug|Any CPU
		{F093C224-837D-41FD-8C54-52DEC31FB6CF}.Debug|Any CPU.Build.0 = Debug|Any CPU
		{F093C224-837D-41FD-8C54-52DEC31FB6CF}.Release|Any CPU.ActiveCfg = Release|Any CPU
		{F093C224-837D-41FD-8C54-52DEC31FB6CF}.Release|Any CPU.Build.0 = Release|Any CPU
	EndGlobalSection
	GlobalSection(SolutionProperties) = preSolution
		HideSolutionNode = FALSE
	EndGlobalSection
EndGlobal
